lockfileVersion: '9.0'

settings:
  autoInstallPeers: true
  excludeLinksFromLockfile: false

importers:

  .: {}

  packages/contracts:
    dependencies:
      '@mysten/sui':
        specifier: ^2.6.0
        version: 2.6.0(typescript@5.9.3)
    devDependencies:
      '@mysten/codegen':
        specifier: ^0.8.2
        version: 0.8.2
      prettier:
        specifier: ^3.8.1
        version: 3.8.1
      typescript:
        specifier: ^5.9.3
        version: 5.9.3

packages:

  '@0no-co/graphql.web@1.2.0':
    resolution: {integrity: sha512-/1iHy9TTr63gE1YcR5idjx8UREz1s0kFhydf3bBLCXyqjhkIc6igAzTOx3zPifCwFR87tsh/4Pa9cNts6d2otw==}
    peerDependencies:
      graphql: ^14.0.0 || ^15.0.0 || ^16.0.0
    peerDependenciesMeta:
      graphql:
        optional: true

  '@0no-co/graphqlsp@1.15.2':
    resolution: {integrity: sha512-Ys031WnS3sTQQBtRTkQsYnw372OlW72ais4sp0oh2UMPRNyxxnq85zRfU4PIdoy9kWriysPT5BYAkgIxhbonFA==}
    peerDependencies:
      graphql: ^15.5.0 || ^16.0.0 || ^17.0.0
      typescript: ^5.0.0

  '@babel/code-frame@7.29.0':
    resolution: {integrity: sha512-9NhCeYjq9+3uxgdtp20LSiJXJvN0FeCtNGpJxuMFZ1Kv3cWUNb6DOhJwUvcVCzKGR66cw4njwM6hrJLqgOwbcw==}
    engines: {node: '>=6.9.0'}

  '@babel/helper-validator-identifier@7.28.5':
    resolution: {integrity: sha512-qSs4ifwzKJSV39ucNjsvc6WVHs6b7S03sOh2OcHF9UHfVPqWWALUsNUVzhSBiItjRZoLHx7nIarVjqKVusUZ1Q==}
    engines: {node: '>=6.9.0'}

  '@gql.tada/cli-utils@1.7.2':
    resolution: {integrity: sha512-Qbc7hbLvCz6IliIJpJuKJa9p05b2Jona7ov7+qofCsMRxHRZE1kpAmZMvL8JCI4c0IagpIlWNaMizXEQUe8XjQ==}
    peerDependencies:
      '@0no-co/graphqlsp': ^1.12.13
      '@gql.tada/svelte-support': 1.0.1
      '@gql.tada/vue-support': 1.0.1
      graphql: ^15.5.0 || ^16.0.0 || ^17.0.0
      typescript: ^5.0.0
    peerDependenciesMeta:
      '@gql.tada/svelte-support':
        optional: true
      '@gql.tada/vue-support':
        optional: true

  '@gql.tada/internal@1.0.8':
    resolution: {integrity: sha512-XYdxJhtHC5WtZfdDqtKjcQ4d7R1s0d1rnlSs3OcBEUbYiPoJJfZU7tWsVXuv047Z6msvmr4ompJ7eLSK5Km57g==}
    peerDependencies:
      graphql: ^15.5.0 || ^16.0.0 || ^17.0.0
      typescript: ^5.0.0

  '@graphql-typed-document-node/core@3.2.0':
    resolution: {integrity: sha512-mB9oAsNCm9aM3/SOv4YtBMqZbYj10R7dkq8byBqxGY/ncFwhf2oQzMV+LCRlWoDSEBJ3COiR1yeDvMtsoOsuFQ==}
    peerDependencies:
      graphql: ^0.8.0 || ^0.9.0 || ^0.10.0 || ^0.11.0 || ^0.12.0 || ^0.13.0 || ^14.0.0 || ^15.0.0 || ^16.0.0 || ^17.0.0

  '@mysten/bcs@2.0.2':
    resolution: {integrity: sha512-c/nVRPJEV1fRZdKXhysVsy/yCPdiFt7jn6A4/7W2LH1ZPSVPzRkxtLY362D0zaLuBnyT5Y9d9nFLm3ixI8Goug==}

  '@mysten/codegen@0.8.2':
    resolution: {integrity: sha512-x/m7ony8Cuzph33LUv3Rce86ev+HUDuyjEW7QMyrenoE6oHIvMHtkjxBtVR8ia1gPCYxTCkwRzelHqC6shMr4g==}
    hasBin: true

  '@mysten/sui@2.6.0':
    resolution: {integrity: sha512-Dp3z7mDuUCXGgldQ3/AtC1iDiK48XTuAi//fPrHdxEaMl+f5VLjbYtB+mlKNC1SVYLKOUjTeF/RA9qfEBY++pA==}
    engines: {node: '>=22'}

  '@mysten/utils@0.3.1':
    resolution: {integrity: sha512-36KhxG284uhDdSnlkyNaS6fzKTX9FpP2WQWOwUKIRsqQFFIm2ooCf2TP1IuqrtMpkairwpiWkAS0eg7cpemVzg==}

  '@noble/curves@2.0.1':
    resolution: {integrity: sha512-vs1Az2OOTBiP4q0pwjW5aF0xp9n4MxVrmkFBxc6EKZc6ddYx5gaZiAsZoq0uRRXWbi3AT/sBqn05eRPtn1JCPw==}
    engines: {node: '>= 20.19.0'}

  '@noble/hashes@2.0.1':
    resolution: {integrity: sha512-XlOlEbQcE9fmuXxrVTXCTlG2nlRXa9Rj3rr5Ue/+tX+nmkgbX720YHh0VR3hBF9xDvwnb8D2shVGOwNx+ulArw==}
    engines: {node: '>= 20.19.0'}

  '@protobuf-ts/grpcweb-transport@2.11.1':
    resolution: {integrity: sha512-1W4utDdvOB+RHMFQ0soL4JdnxjXV+ddeGIUg08DvZrA8Ms6k5NN6GBFU2oHZdTOcJVpPrDJ02RJlqtaoCMNBtw==}

  '@protobuf-ts/runtime-rpc@2.11.1':
    resolution: {integrity: sha512-4CqqUmNA+/uMz00+d3CYKgElXO9VrEbucjnBFEjqI4GuDrEQ32MaI3q+9qPBvIGOlL4PmHXrzM32vBPWRhQKWQ==}

  '@protobuf-ts/runtime@2.11.1':
    resolution: {integrity: sha512-KuDaT1IfHkugM2pyz+FwiY80ejWrkH1pAtOBOZFuR6SXEFTsnb/jiQWQ1rCIrcKx2BtyxnxW6BWwsVSA/Ie+WQ==}

  '@scure/base@2.0.0':
    resolution: {integrity: sha512-3E1kpuZginKkek01ovG8krQ0Z44E3DHPjc5S2rjJw9lZn3KSQOs8S7wqikF/AH7iRanHypj85uGyxk0XAyC37w==}

  '@scure/bip32@2.0.1':
    resolution: {integrity: sha512-4Md1NI5BzoVP+bhyJaY3K6yMesEFzNS1sE/cP+9nuvE7p/b0kx9XbpDHHFl8dHtufcbdHRUUQdRqLIPHN/s7yA==}

  '@scure/bip39@2.0.1':
    resolution: {integrity: sha512-PsxdFj/d2AcJcZDX1FXN3dDgitDDTmwf78rKZq1a6c1P1Nan1X/Sxc7667zU3U+AN60g7SxxP0YCVw2H/hBycg==}

  '@stricli/auto-complete@1.2.6':
    resolution: {integrity: sha512-H7dectwnLBoyDrp4Vek1gTNdUWzqkEDt5X6oFoOPxPVbca5FA9ttBZ/OlfNvt14aeiZUsg1rC7GEHjIh3tjn2A==}
    hasBin: true

  '@stricli/core@1.2.6':
    resolution: {integrity: sha512-j5fa1wyOLrP9WJqqLFEJeQviqb3cK46K+FXTuISEkG/H5C820YfKDoVQ3CDVdM5WLhEx1ARdpiW6+hU4tYHjCQ==}

  '@types/node@25.4.0':
    resolution: {integrity: sha512-9wLpoeWuBlcbBpOY3XmzSTG3oscB6xjBEEtn+pYXTfhyXhIxC5FsBer2KTopBlvKEiW9l13po9fq+SJY/5lkhw==}

  argparse@2.0.1:
    resolution: {integrity: sha512-8+9WqebbFzpX9OR+Wa6O29asIogeRMzcGtAINdpMHHyAg10f05aSFVBbcEqGf/PXw1EjAZ+q2/bEBg3DvurK3Q==}

  callsites@3.1.0:
    resolution: {integrity: sha512-P8BjAsXvZS+VIDUI11hHCQEv74YT67YUi5JJFNWIqL235sBmjX4+qx9Muvls5ivyNENctx46xQLQ3aTuE7ssaQ==}
    engines: {node: '>=6'}

  cosmiconfig@9.0.1:
    resolution: {integrity: sha512-hr4ihw+DBqcvrsEDioRO31Z17x71pUYoNe/4h6Z0wB72p7MU7/9gH8Q3s12NFhHPfYBBOV3qyfUxmr/Yn3shnQ==}
    engines: {node: '>=14'}
    peerDependencies:
      typescript: '>=4.9.5'
    peerDependenciesMeta:
      typescript:
        optional: true

  env-paths@2.2.1:
    resolution: {integrity: sha512-+h1lkLKhZMTYjog1VEpJNG7NZJWcuc2DDk/qsqSTRRCOXiLjeQ1d1/udrUGhqMxUgAlwKNZ0cf2uqan5GLuS2A==}
    engines: {node: '>=6'}

  error-ex@1.3.4:
    resolution: {integrity: sha512-sqQamAnR14VgCr1A618A3sGrygcpK+HEbenA/HiEAkkUwcZIIB/tgWqHFxWgOyDh4nB4JCRimh79dR5Ywc9MDQ==}

  gql.tada@1.9.0:
    resolution: {integrity: sha512-1LMiA46dRs5oF7Qev6vMU32gmiNvM3+3nHoQZA9K9j2xQzH8xOAWnnJrLSbZOFHTSdFxqn86TL6beo1/7ja/aA==}
    hasBin: true
    peerDependencies:
      typescript: ^5.0.0

  graphql@16.13.1:
    resolution: {integrity: sha512-gGgrVCoDKlIZ8fIqXBBb0pPKqDgki0Z/FSKNiQzSGj2uEYHr1tq5wmBegGwJx6QB5S5cM0khSBpi/JFHMCvsmQ==}
    engines: {node: ^12.22.0 || ^14.16.0 || ^16.0.0 || >=17.0.0}

  import-fresh@3.3.1:
    resolution: {integrity: sha512-TR3KfrTZTYLPB6jUjfx6MF9WcWrHL9su5TObK4ZkYgBdWKPOFoSoQIdEuTuR82pmtxH2spWG9h6etwfr1pLBqQ==}
    engines: {node: '>=6'}

  is-arrayish@0.2.1:
    resolution: {integrity: sha512-zz06S8t0ozoDXMG+ube26zeCTNXcKIPJZJi8hBrF4idCLms4CG9QtK7qBl1boi5ODzFpjswb5JPmHCbMpjaYzg==}

  js-tokens@4.0.0:
    resolution: {integrity: sha512-RdJUflcE3cUzKiMqQgsCu06FPu9UdIJO0beYbPhHN4k6apgJtifcoCtT9bcxOpYBtpD2kCM6Sbzg4CausW/PKQ==}

  js-yaml@4.1.1:
    resolution: {integrity: sha512-qQKT4zQxXl8lLwBtHMWwaTcGfFOZviOJet3Oy/xmGk2gZH677CJM9EvtfdSkgWcATZhj/55JZ0rmy3myCT5lsA==}
    hasBin: true

  json-parse-even-better-errors@2.3.1:
    resolution: {integrity: sha512-xyFwyhro/JEof6Ghe2iz2NcXoj2sloNsWr/XsERDK/oiPCfaNhl5ONfp+jQdAZRQQ0IJWNzH9zIZF7li91kh2w==}

  lines-and-columns@1.2.4:
    resolution: {integrity: sha512-7ylylesZQ/PV29jhEDl3Ufjo6ZX7gCqJr5F7PKrqc93v7fzSymt1BpwEU8nAUXs8qzzvqhbjhK5QZg6Mt/HkBg==}

  parent-module@1.0.1:
    resolution: {integrity: sha512-GQ2EWRpQV8/o+Aw8YqtfZZPfNRWZYkbidE9k5rpl/hC3vtHHBfGm2Ifi6qWV+coDGkrUKZAxE3Lot5kcsRlh+g==}
    engines: {node: '>=6'}

  parse-json@5.2.0:
    resolution: {integrity: sha512-ayCKvm/phCGxOkYRSCM82iDwct8/EonSEgCSxWxD7ve6jHggsFl4fZVQBPRNgQoKiuV/odhFrGzQXZwbifC8Rg==}
    engines: {node: '>=8'}

  picocolors@1.1.1:
    resolution: {integrity: sha512-xceH2snhtb5M9liqDsmEw56le376mTZkEX/jEb/RxNFyegNul7eNslCXP9FDj/Lcu0X8KEyMceP2ntpaHrDEVA==}

  poseidon-lite@0.2.1:
    resolution: {integrity: sha512-xIr+G6HeYfOhCuswdqcFpSX47SPhm0EpisWJ6h7fHlWwaVIvH3dLnejpatrtw6Xc6HaLrpq05y7VRfvDmDGIog==}

  prettier@3.8.1:
    resolution: {integrity: sha512-UOnG6LftzbdaHZcKoPFtOcCKztrQ57WkHDeRD9t/PTQtmT0NHSeWWepj6pS0z/N7+08BHFDQVUrfmfMRcZwbMg==}
    engines: {node: '>=14'}
    hasBin: true

  resolve-from@4.0.0:
    resolution: {integrity: sha512-pb/MYmXstAkysRFx8piNI1tGFNQIFA3vkE3Gq4EuA1dF6gHp/+vgZqsCGJapvy8N3Q+4o7FwvquPJcnZ7RYy4g==}
    engines: {node: '>=4'}

  toml@3.0.0:
    resolution: {integrity: sha512-y/mWCZinnvxjTKYhJ+pYxwD0mRLVvOtdS2Awbgxln6iEnt4rk0yBxeSBHkGJcPucRiG0e55mwWp+g/05rsrd6w==}

  typescript@5.9.3:
    resolution: {integrity: sha512-jl1vZzPDinLr9eUt3J/t7V6FgNEw9QjvBPdysz9KfQDD41fQrC2Y4vKQdiaUpFT4bXlb1RHhLpp8wtm6M5TgSw==}
    engines: {node: '>=14.17'}
    hasBin: true

  undici-types@7.18.2:
    resolution: {integrity: sha512-AsuCzffGHJybSaRrmr5eHr81mwJU3kjw6M+uprWvCXiNeN9SOGwQ3Jn8jb8m3Z6izVgknn1R0FTCEAP2QrLY/w==}

  valibot@1.2.0:
    resolution: {integrity: sha512-mm1rxUsmOxzrwnX5arGS+U4T25RdvpPjPN4yR0u9pUBov9+zGVtO84tif1eY4r6zWxVxu3KzIyknJy3rxfRZZg==}
    peerDependencies:
      typescript: '>=5'
    peerDependenciesMeta:
      typescript:
        optional: true

  zod@4.3.6:
    resolution: {integrity: sha512-rftlrkhHZOcjDwkGlnUtZZkvaPHCsDATp4pGpuOOMDaTdDDXF91wuVDJoWoPsKX/3YPQ5fHuF3STjcYyKr+Qhg==}

snapshots:

  '@0no-co/graphql.web@1.2.0(graphql@16.13.1)':
    optionalDependencies:
      graphql: 16.13.1

  '@0no-co/graphqlsp@1.15.2(graphql@16.13.1)(typescript@5.9.3)':
    dependencies:
      '@gql.tada/internal': 1.0.8(graphql@16.13.1)(typescript@5.9.3)
      graphql: 16.13.1
      typescript: 5.9.3

  '@babel/code-frame@7.29.0':
    dependencies:
      '@babel/helper-validator-identifier': 7.28.5
      js-tokens: 4.0.0
      picocolors: 1.1.1

  '@babel/helper-validator-identifier@7.28.5': {}

  '@gql.tada/cli-utils@1.7.2(@0no-co/graphqlsp@1.15.2(graphql@16.13.1)(typescript@5.9.3))(graphql@16.13.1)(typescript@5.9.3)':
    dependencies:
      '@0no-co/graphqlsp': 1.15.2(graphql@16.13.1)(typescript@5.9.3)
      '@gql.tada/internal': 1.0.8(graphql@16.13.1)(typescript@5.9.3)
      graphql: 16.13.1
      typescript: 5.9.3

  '@gql.tada/internal@1.0.8(graphql@16.13.1)(typescript@5.9.3)':
    dependencies:
      '@0no-co/graphql.web': 1.2.0(graphql@16.13.1)
      graphql: 16.13.1
      typescript: 5.9.3

  '@graphql-typed-document-node/core@3.2.0(graphql@16.13.1)':
    dependencies:
      graphql: 16.13.1

  '@mysten/bcs@2.0.2':
    dependencies:
      '@mysten/utils': 0.3.1
      '@scure/base': 2.0.0

  '@mysten/codegen@0.8.2':
    dependencies:
      '@mysten/bcs': 2.0.2
      '@mysten/sui': 2.6.0(typescript@5.9.3)
      '@stricli/auto-complete': 1.2.6
      '@stricli/core': 1.2.6
      '@types/node': 25.4.0
      cosmiconfig: 9.0.1(typescript@5.9.3)
      prettier: 3.8.1
      toml: 3.0.0
      typescript: 5.9.3
      zod: 4.3.6
    transitivePeerDependencies:
      - '@gql.tada/svelte-support'
      - '@gql.tada/vue-support'

  '@mysten/sui@2.6.0(typescript@5.9.3)':
    dependencies:
      '@graphql-typed-document-node/core': 3.2.0(graphql@16.13.1)
      '@mysten/bcs': 2.0.2
      '@mysten/utils': 0.3.1
      '@noble/curves': 2.0.1
      '@noble/hashes': 2.0.1
      '@protobuf-ts/grpcweb-transport': 2.11.1
      '@protobuf-ts/runtime': 2.11.1
      '@protobuf-ts/runtime-rpc': 2.11.1
      '@scure/base': 2.0.0
      '@scure/bip32': 2.0.1
      '@scure/bip39': 2.0.1
      gql.tada: 1.9.0(graphql@16.13.1)(typescript@5.9.3)
      graphql: 16.13.1
      poseidon-lite: 0.2.1
      valibot: 1.2.0(typescript@5.9.3)
    transitivePeerDependencies:
      - '@gql.tada/svelte-support'
      - '@gql.tada/vue-support'
      - typescript

  '@mysten/utils@0.3.1':
    dependencies:
      '@scure/base': 2.0.0

  '@noble/curves@2.0.1':
    dependencies:
      '@noble/hashes': 2.0.1

  '@noble/hashes@2.0.1': {}

  '@protobuf-ts/grpcweb-transport@2.11.1':
    dependencies:
      '@protobuf-ts/runtime': 2.11.1
      '@protobuf-ts/runtime-rpc': 2.11.1

  '@protobuf-ts/runtime-rpc@2.11.1':
    dependencies:
      '@protobuf-ts/runtime': 2.11.1

  '@protobuf-ts/runtime@2.11.1': {}

  '@scure/base@2.0.0': {}

  '@scure/bip32@2.0.1':
    dependencies:
      '@noble/curves': 2.0.1
      '@noble/hashes': 2.0.1
      '@scure/base': 2.0.0

  '@scure/bip39@2.0.1':
    dependencies:
      '@noble/hashes': 2.0.1
      '@scure/base': 2.0.0

  '@stricli/auto-complete@1.2.6':
    dependencies:
      '@stricli/core': 1.2.6

  '@stricli/core@1.2.6': {}

  '@types/node@25.4.0':
    dependencies:
      undici-types: 7.18.2

  argparse@2.0.1: {}

  callsites@3.1.0: {}

  cosmiconfig@9.0.1(typescript@5.9.3):
    dependencies:
      env-paths: 2.2.1
      import-fresh: 3.3.1
      js-yaml: 4.1.1
      parse-json: 5.2.0
    optionalDependencies:
      typescript: 5.9.3

  env-paths@2.2.1: {}

  error-ex@1.3.4:
    dependencies:
      is-arrayish: 0.2.1

  gql.tada@1.9.0(graphql@16.13.1)(typescript@5.9.3):
    dependencies:
      '@0no-co/graphql.web': 1.2.0(graphql@16.13.1)
      '@0no-co/graphqlsp': 1.15.2(graphql@16.13.1)(typescript@5.9.3)
      '@gql.tada/cli-utils': 1.7.2(@0no-co/graphqlsp@1.15.2(graphql@16.13.1)(typescript@5.9.3))(graphql@16.13.1)(typescript@5.9.3)
      '@gql.tada/internal': 1.0.8(graphql@16.13.1)(typescript@5.9.3)
      typescript: 5.9.3
    transitivePeerDependencies:
      - '@gql.tada/svelte-support'
      - '@gql.tada/vue-support'
      - graphql

  graphql@16.13.1: {}

  import-fresh@3.3.1:
    dependencies:
      parent-module: 1.0.1
      resolve-from: 4.0.0

  is-arrayish@0.2.1: {}

  js-tokens@4.0.0: {}

  js-yaml@4.1.1:
    dependencies:
      argparse: 2.0.1

  json-parse-even-better-errors@2.3.1: {}

  lines-and-columns@1.2.4: {}

  parent-module@1.0.1:
    dependencies:
      callsites: 3.1.0

  parse-json@5.2.0:
    dependencies:
      '@babel/code-frame': 7.29.0
      error-ex: 1.3.4
      json-parse-even-better-errors: 2.3.1
      lines-and-columns: 1.2.4

  picocolors@1.1.1: {}

  poseidon-lite@0.2.1: {}

  prettier@3.8.1: {}

  resolve-from@4.0.0: {}

  toml@3.0.0: {}

  typescript@5.9.3: {}

  undici-types@7.18.2: {}

  valibot@1.2.0(typescript@5.9.3):
    optionalDependencies:
      typescript: 5.9.3

  zod@4.3.6: {}
